
Microsoft Visual Studio Solution File, Format Version 12.00
# Visual Studio Version 17
VisualStudioVersion = 17.14.36221.1
MinimumVisualStudioVersion = 10.0.40219.1
Project("{2150E333-8FDC-42A3-9474-1A3956D46DE8}") = "CadastroClientes", "CadastroClientes", "{02EA681E-C7D8-13C7-8484-4AC65E1B71E8}"
EndProject
Project("{FAE04EC0-301F-11D3-BF4B-00C04F79EFBC}") = "CadastroClientes.API", "CadastroClientes\CadastroClientes.API\CadastroClientes.API.csproj", "{D749D31B-26A2-4C93-8B67-F757ECF8F323}"
EndProject
Project("{FAE04EC0-301F-11D3-BF4B-00C04F79EFBC}") = "CadastroClientes.Domain", "CadastroClientes\CadastroClientes.Domain\CadastroClientes.Domain.csproj", "{AF68EA6F-0D29-40AE-8D79-75AA1060ECF8}"
EndProject
Project("{FAE04EC0-301F-11D3-BF4B-00C04F79EFBC}") = "CadastroClientes.Application", "CadastroClientes\CadastroClientes.Application\CadastroClientes.Application.csproj", "{9C3D7460-77A4-4EEC-ADB6-A93F139EADD0}"
EndProject
Project("{FAE04EC0-301F-11D3-BF4B-00C04F79EFBC}") = "CadastroClientes.Infra", "CadastroClientes.Infra\CadastroClientes.Infra.csproj", "{10F8FE0A-3075-40DB-8FFF-91AF2D830105}"
EndProject
Project("{2150E333-8FDC-42A3-9474-1A3956D46DE8}") = "Data", "Data", "{BCC264A2-6C4D-43F3-905E-18362C50D406}"
EndProject
Global
	GlobalSection(SolutionConfigurationPlatforms) = preSolution
		Debug|Any CPU = Debug|Any CPU
		Release|Any CPU = Release|Any CPU
	EndGlobalSection
	GlobalSection(ProjectConfigurationPlatforms) = postSolution
		{D749D31B-26A2-4C93-8B67-F757ECF8F323}.Debug|Any CPU.ActiveCfg = Debug|Any CPU
		{D749D31B-26A2-4C93-8B67-F757ECF8F323}.Debug|Any CPU.Build.0 = Debug|Any CPU
		{D749D31B-26A2-4C93-8B67-F757ECF8F323}.Release|Any CPU.ActiveCfg = Release|Any CPU
		{D749D31B-26A2-4C93-8B67-F757ECF8F323}.Release|Any CPU.Build.0 = Release|Any CPU
		{AF68EA6F-0D29-40AE-8D79-75AA1060ECF8}.Debug|Any CPU.ActiveCfg = Debug|Any CPU
		{AF68EA6F-0D29-40AE-8D79-75AA1060ECF8}.Debug|Any CPU.Build.0 = Debug|Any CPU
		{AF68EA6F-0D29-40AE-8D79-75AA1060ECF8}.Release|Any CPU.ActiveCfg = Release|Any CPU
		{AF68EA6F-0D29-40AE-8D79-75AA1060ECF8}.Release|Any CPU.Build.0 = Release|Any CPU
		{9C3D7460-77A4-4EEC-ADB6-A93F139EADD0}.Debug|Any CPU.ActiveCfg = Debug|Any CPU
		{9C3D7460-77A4-4EEC-ADB6-A93F139EADD0}.Debug|Any CPU.Build.0 = Debug|Any CPU
		{9C3D7460-77A4-4EEC-ADB6-A93F139EADD0}.Release|Any CPU.ActiveCfg = Release|Any CPU
		{9C3D7460-77A4-4EEC-ADB6-A93F139EADD0}.Release|Any CPU.Build.0 = Release|Any CPU
		{10F8FE0A-3075-40DB-8FFF-91AF2D830105}.Debug|Any CPU.ActiveCfg = Debug|Any CPU
		{10F8FE0A-3075-40DB-8FFF-91AF2D830105}.Debug|Any CPU.Build.0 = Debug|Any CPU
		{10F8FE0A-3075-40DB-8FFF-91AF2D830105}.Release|Any CPU.ActiveCfg = Release|Any CPU
		{10F8FE0A-3075-40DB-8FFF-91AF2D830105}.Release|Any CPU.Build.0 = Release|Any CPU
	EndGlobalSection
	GlobalSection(SolutionProperties) = preSolution
		HideSolutionNode = FALSE
	EndGlobalSection
	GlobalSection(NestedProjects) = preSolution
		{D749D31B-26A2-4C93-8B67-F757ECF8F323} = {02EA681E-C7D8-13C7-8484-4AC65E1B71E8}
		{AF68EA6F-0D29-40AE-8D79-75AA1060ECF8} = {02EA681E-C7D8-13C7-8484-4AC65E1B71E8}
		{9C3D7460-77A4-4EEC-ADB6-A93F139EADD0} = {02EA681E-C7D8-13C7-8484-4AC65E1B71E8}
		{10F8FE0A-3075-40DB-8FFF-91AF2D830105} = {02EA681E-C7D8-13C7-8484-4AC65E1B71E8}
		{BCC264A2-6C4D-43F3-905E-18362C50D406} = {02EA681E-C7D8-13C7-8484-4AC65E1B71E8}
	EndGlobalSection
	GlobalSection(ExtensibilityGlobals) = postSolution
		SolutionGuid = {15738959-0A42-4343-BAF8-00D6EB8361D7}
	EndGlobalSection
EndGlobal
