
Microsoft Visual Studio Solution File, Format Version 12.00
# Visual Studio Version 17
VisualStudioVersion = 17.14.36221.1
MinimumVisualStudioVersion = 10.0.40219.1
Project("{2150E333-8FDC-42A3-9474-1A3956D46DE8}") = "CadastroClientes", "CadastroClientes", "{02EA681E-C7D8-13C7-8484-4AC65E1B71E8}"
EndProject
Project("{FAE04EC0-301F-11D3-BF4B-00C04F79EFBC}") = "CadastroClientes.API", "CadastroClientes\CadastroClientes.API\CadastroClientes.API.csproj", "{D749D31B-26A2-4C93-8B67-F757ECF8F323}"
EndProject
Project("{FAE04EC0-301F-11D3-BF4B-00C04F79EFBC}") = "CadastroClientes.Domain", "CadastroClientes\CadastroClientes.Domain\CadastroClientes.Domain.csproj", "{AF68EA6F-0D29-40AE-8D79-75AA1060ECF8}"
EndProject
Project("{FAE04EC0-301F-11D3-BF4B-00C04F79EFBC}") = "CadastroClientes.Application", "CadastroClientes\CadastroClientes.Application\CadastroClientes.Application.csproj", "{9C3D7460-77A4-4EEC-ADB6-A93F139EADD0}"
EndProject
Project("{FAE04EC0-301F-11D3-BF4B-00C04F79EFBC}") = "CadastroClientes.Infra", "CadastroClientes\CadastroClientes.Infra\CadastroClientes.Infra.csproj", "{10F8FE0A-3075-40DB-8FFF-91AF2D830105}"
EndProject
Project("{2150E333-8FDC-42A3-9474-1A3956D46DE8}") = "PropostaCredito", "PropostaCredito", "{9BE5D901-7174-462A-9643-592B95808522}"
EndProject
Project("{2150E333-8FDC-42A3-9474-1A3956D46DE8}") = "CartaoCredito", "CartaoCredito", "{14F5DF08-0F8A-4E30-BCF7-6D886EF646BC}"
EndProject
Project("{FAE04EC0-301F-11D3-BF4B-00C04F79EFBC}") = "CartaoCredito.API", "CartaoCredito\CartaoCredito.API\CartaoCredito.API.csproj", "{75E4052E-A41F-BB4E-2931-EE4F6D19FBA9}"
EndProject
Project("{FAE04EC0-301F-11D3-BF4B-00C04F79EFBC}") = "CartaoCredito.Application", "CartaoCredito\CartaoCredito.Application\CartaoCredito.Application.csproj", "{E4A5157D-6497-4B41-A0A9-91702D5DAAA0}"
EndProject
Project("{FAE04EC0-301F-11D3-BF4B-00C04F79EFBC}") = "CartaoDeCredito.Domain", "CartaoCredito\CartaoDeCredito.Domain\CartaoDeCredito.Domain.csproj", "{FA60E420-1609-45FE-8025-764D8968783F}"
EndProject
Project("{FAE04EC0-301F-11D3-BF4B-00C04F79EFBC}") = "CartaoDeCredito.Infra", "CartaoCredito\CartaoDeCredito.Infra\CartaoDeCredito.Infra.csproj", "{4E6ECD75-95EE-460E-B686-814AAED8507E}"
EndProject
Project("{FAE04EC0-301F-11D3-BF4B-00C04F79EFBC}") = "PropostaCredito.API", "PropostaCredito\PropostaCredito.API\PropostaCredito.API.csproj", "{B2428623-D4B4-47F9-88A5-6A8AC922DA4F}"
EndProject
Project("{FAE04EC0-301F-11D3-BF4B-00C04F79EFBC}") = "PropostaCredito.Application", "PropostaCredito\PropostaCredito.Application\PropostaCredito.Application.csproj", "{5CE3F011-7214-460A-9CA7-17938AAF20D2}"
EndProject
Project("{FAE04EC0-301F-11D3-BF4B-00C04F79EFBC}") = "PropostaCredito.Domain", "PropostaCredito\PropostaCredito.Domain\PropostaCredito.Domain.csproj", "{81758E84-0C45-4E28-86B5-99870E39187F}"
EndProject
Project("{FAE04EC0-301F-11D3-BF4B-00C04F79EFBC}") = "PropostaCredito.Infra", "PropostaCredito\PropostaCredito.Infra\PropostaCredito.Infra.csproj", "{2C9AF1A1-DBF1-47BE-8608-690BE925B8BE}"
EndProject
Global
	GlobalSection(SolutionConfigurationPlatforms) = preSolution
		Debug|Any CPU = Debug|Any CPU
		Release|Any CPU = Release|Any CPU
	EndGlobalSection
	GlobalSection(ProjectConfigurationPlatforms) = postSolution
		{D749D31B-26A2-4C93-8B67-F757ECF8F323}.Debug|Any CPU.ActiveCfg = Debug|Any CPU
		{D749D31B-26A2-4C93-8B67-F757ECF8F323}.Debug|Any CPU.Build.0 = Debug|Any CPU
		{D749D31B-26A2-4C93-8B67-F757ECF8F323}.Release|Any CPU.ActiveCfg = Release|Any CPU
		{D749D31B-26A2-4C93-8B67-F757ECF8F323}.Release|Any CPU.Build.0 = Release|Any CPU
		{AF68EA6F-0D29-40AE-8D79-75AA1060ECF8}.Debug|Any CPU.ActiveCfg = Debug|Any CPU
		{AF68EA6F-0D29-40AE-8D79-75AA1060ECF8}.Debug|Any CPU.Build.0 = Debug|Any CPU
		{AF68EA6F-0D29-40AE-8D79-75AA1060ECF8}.Release|Any CPU.ActiveCfg = Release|Any CPU
		{AF68EA6F-0D29-40AE-8D79-75AA1060ECF8}.Release|Any CPU.Build.0 = Release|Any CPU
		{9C3D7460-77A4-4EEC-ADB6-A93F139EADD0}.Debug|Any CPU.ActiveCfg = Debug|Any CPU
		{9C3D7460-77A4-4EEC-ADB6-A93F139EADD0}.Debug|Any CPU.Build.0 = Debug|Any CPU
		{9C3D7460-77A4-4EEC-ADB6-A93F139EADD0}.Release|Any CPU.ActiveCfg = Release|Any CPU
		{9C3D7460-77A4-4EEC-ADB6-A93F139EADD0}.Release|Any CPU.Build.0 = Release|Any CPU
		{10F8FE0A-3075-40DB-8FFF-91AF2D830105}.Debug|Any CPU.ActiveCfg = Debug|Any CPU
		{10F8FE0A-3075-40DB-8FFF-91AF2D830105}.Debug|Any CPU.Build.0 = Debug|Any CPU
		{10F8FE0A-3075-40DB-8FFF-91AF2D830105}.Release|Any CPU.ActiveCfg = Release|Any CPU
		{10F8FE0A-3075-40DB-8FFF-91AF2D830105}.Release|Any CPU.Build.0 = Release|Any CPU
		{75E4052E-A41F-BB4E-2931-EE4F6D19FBA9}.Debug|Any CPU.ActiveCfg = Debug|Any CPU
		{75E4052E-A41F-BB4E-2931-EE4F6D19FBA9}.Debug|Any CPU.Build.0 = Debug|Any CPU
		{75E4052E-A41F-BB4E-2931-EE4F6D19FBA9}.Release|Any CPU.ActiveCfg = Release|Any CPU
		{75E4052E-A41F-BB4E-2931-EE4F6D19FBA9}.Release|Any CPU.Build.0 = Release|Any CPU
		{E4A5157D-6497-4B41-A0A9-91702D5DAAA0}.Debug|Any CPU.ActiveCfg = Debug|Any CPU
		{E4A5157D-6497-4B41-A0A9-91702D5DAAA0}.Debug|Any CPU.Build.0 = Debug|Any CPU
		{E4A5157D-6497-4B41-A0A9-91702D5DAAA0}.Release|Any CPU.ActiveCfg = Release|Any CPU
		{E4A5157D-6497-4B41-A0A9-91702D5DAAA0}.Release|Any CPU.Build.0 = Release|Any CPU
		{FA60E420-1609-45FE-8025-764D8968783F}.Debug|Any CPU.ActiveCfg = Debug|Any CPU
		{FA60E420-1609-45FE-8025-764D8968783F}.Debug|Any CPU.Build.0 = Debug|Any CPU
		{FA60E420-1609-45FE-8025-764D8968783F}.Release|Any CPU.ActiveCfg = Release|Any CPU
		{FA60E420-1609-45FE-8025-764D8968783F}.Release|Any CPU.Build.0 = Release|Any CPU
		{4E6ECD75-95EE-460E-B686-814AAED8507E}.Debug|Any CPU.ActiveCfg = Debug|Any CPU
		{4E6ECD75-95EE-460E-B686-814AAED8507E}.Debug|Any CPU.Build.0 = Debug|Any CPU
		{4E6ECD75-95EE-460E-B686-814AAED8507E}.Release|Any CPU.ActiveCfg = Release|Any CPU
		{4E6ECD75-95EE-460E-B686-814AAED8507E}.Release|Any CPU.Build.0 = Release|Any CPU
		{B2428623-D4B4-47F9-88A5-6A8AC922DA4F}.Debug|Any CPU.ActiveCfg = Debug|Any CPU
		{B2428623-D4B4-47F9-88A5-6A8AC922DA4F}.Debug|Any CPU.Build.0 = Debug|Any CPU
		{B2428623-D4B4-47F9-88A5-6A8AC922DA4F}.Release|Any CPU.ActiveCfg = Release|Any CPU
		{B2428623-D4B4-47F9-88A5-6A8AC922DA4F}.Release|Any CPU.Build.0 = Release|Any CPU
		{5CE3F011-7214-460A-9CA7-17938AAF20D2}.Debug|Any CPU.ActiveCfg = Debug|Any CPU
		{5CE3F011-7214-460A-9CA7-17938AAF20D2}.Debug|Any CPU.Build.0 = Debug|Any CPU
		{5CE3F011-7214-460A-9CA7-17938AAF20D2}.Release|Any CPU.ActiveCfg = Release|Any CPU
		{5CE3F011-7214-460A-9CA7-17938AAF20D2}.Release|Any CPU.Build.0 = Release|Any CPU
		{81758E84-0C45-4E28-86B5-99870E39187F}.Debug|Any CPU.ActiveCfg = Debug|Any CPU
		{81758E84-0C45-4E28-86B5-99870E39187F}.Debug|Any CPU.Build.0 = Debug|Any CPU
		{81758E84-0C45-4E28-86B5-99870E39187F}.Release|Any CPU.ActiveCfg = Release|Any CPU
		{81758E84-0C45-4E28-86B5-99870E39187F}.Release|Any CPU.Build.0 = Release|Any CPU
		{2C9AF1A1-DBF1-47BE-8608-690BE925B8BE}.Debug|Any CPU.ActiveCfg = Debug|Any CPU
		{2C9AF1A1-DBF1-47BE-8608-690BE925B8BE}.Debug|Any CPU.Build.0 = Debug|Any CPU
		{2C9AF1A1-DBF1-47BE-8608-690BE925B8BE}.Release|Any CPU.ActiveCfg = Release|Any CPU
		{2C9AF1A1-DBF1-47BE-8608-690BE925B8BE}.Release|Any CPU.Build.0 = Release|Any CPU
	EndGlobalSection
	GlobalSection(SolutionProperties) = preSolution
		HideSolutionNode = FALSE
	EndGlobalSection
	GlobalSection(NestedProjects) = preSolution
		{D749D31B-26A2-4C93-8B67-F757ECF8F323} = {02EA681E-C7D8-13C7-8484-4AC65E1B71E8}
		{AF68EA6F-0D29-40AE-8D79-75AA1060ECF8} = {02EA681E-C7D8-13C7-8484-4AC65E1B71E8}
		{9C3D7460-77A4-4EEC-ADB6-A93F139EADD0} = {02EA681E-C7D8-13C7-8484-4AC65E1B71E8}
		{10F8FE0A-3075-40DB-8FFF-91AF2D830105} = {02EA681E-C7D8-13C7-8484-4AC65E1B71E8}
		{75E4052E-A41F-BB4E-2931-EE4F6D19FBA9} = {14F5DF08-0F8A-4E30-BCF7-6D886EF646BC}
		{E4A5157D-6497-4B41-A0A9-91702D5DAAA0} = {14F5DF08-0F8A-4E30-BCF7-6D886EF646BC}
		{FA60E420-1609-45FE-8025-764D8968783F} = {14F5DF08-0F8A-4E30-BCF7-6D886EF646BC}
		{4E6ECD75-95EE-460E-B686-814AAED8507E} = {14F5DF08-0F8A-4E30-BCF7-6D886EF646BC}
		{B2428623-D4B4-47F9-88A5-6A8AC922DA4F} = {9BE5D901-7174-462A-9643-592B95808522}
		{5CE3F011-7214-460A-9CA7-17938AAF20D2} = {9BE5D901-7174-462A-9643-592B95808522}
		{81758E84-0C45-4E28-86B5-99870E39187F} = {9BE5D901-7174-462A-9643-592B95808522}
		{2C9AF1A1-DBF1-47BE-8608-690BE925B8BE} = {9BE5D901-7174-462A-9643-592B95808522}
	EndGlobalSection
	GlobalSection(ExtensibilityGlobals) = postSolution
		SolutionGuid = {15738959-0A42-4343-BAF8-00D6EB8361D7}
	EndGlobalSection
EndGlobal
